
Microsoft Visual Studio Solution File, Format Version 12.00
# Visual Studio Version 17
VisualStudioVersion = 17.12.35527.113
MinimumVisualStudioVersion = 10.0.40219.1
Project("{FAE04EC0-301F-11D3-BF4B-00C04F79EFBC}") = "CreativeMinds.Bolagsverket.RestApi", "CreativeMinds.Bolagsverket.RestApi\CreativeMinds.Bolagsverket.RestApi.csproj", "{44E6ED86-3D2A-4E0C-8CAA-10A6EEF3B302}"
EndProject
Project("{FAE04EC0-301F-11D3-BF4B-00C04F79EFBC}") = "TestApp", "TestApp\TestApp.csproj", "{84730723-DC80-4D69-AB2E-3BB4D882058E}"
EndProject
Project("{2150E333-8FDC-42A3-9474-1A3956D46DE8}") = "Solution Folder", "Solution Folder", "{F3B41732-2E01-4981-84E3-C3E87934371B}"
	ProjectSection(SolutionItems) = preProject
		example.js = example.js
	EndProjectSection
EndProject
Project("{2150E333-8FDC-42A3-9474-1A3956D46DE8}") = "Build", "Build", "{CBC33428-2185-400D-A6B6-51431F6EA50D}"
	ProjectSection(SolutionItems) = preProject
		..\.github\workflows\Publish NuGet.yml = ..\.github\workflows\Publish NuGet.yml
		..\.github\workflows\Publish Private NuGet.yml = ..\.github\workflows\Publish Private NuGet.yml
	EndProjectSection
EndProject
Global
	GlobalSection(SolutionConfigurationPlatforms) = preSolution
		Debug|Any CPU = Debug|Any CPU
		Release|Any CPU = Release|Any CPU
	EndGlobalSection
	GlobalSection(ProjectConfigurationPlatforms) = postSolution
		{44E6ED86-3D2A-4E0C-8CAA-10A6EEF3B302}.Debug|Any CPU.ActiveCfg = Debug|Any CPU
		{44E6ED86-3D2A-4E0C-8CAA-10A6EEF3B302}.Debug|Any CPU.Build.0 = Debug|Any CPU
		{44E6ED86-3D2A-4E0C-8CAA-10A6EEF3B302}.Release|Any CPU.ActiveCfg = Release|Any CPU
		{44E6ED86-3D2A-4E0C-8CAA-10A6EEF3B302}.Release|Any CPU.Build.0 = Release|Any CPU
		{84730723-DC80-4D69-AB2E-3BB4D882058E}.Debug|Any CPU.ActiveCfg = Debug|Any CPU
		{84730723-DC80-4D69-AB2E-3BB4D882058E}.Debug|Any CPU.Build.0 = Debug|Any CPU
		{84730723-DC80-4D69-AB2E-3BB4D882058E}.Release|Any CPU.ActiveCfg = Release|Any CPU
		{84730723-DC80-4D69-AB2E-3BB4D882058E}.Release|Any CPU.Build.0 = Release|Any CPU
	EndGlobalSection
	GlobalSection(SolutionProperties) = preSolution
		HideSolutionNode = FALSE
	EndGlobalSection
EndGlobal
